
Microsoft Visual Studio Solution File, Format Version 12.00
# Visual Studio 15
VisualStudioVersion = 15.0.28010.2046
MinimumVisualStudioVersion = 10.0.40219.1
Project("{9A19103F-16F7-4668-BE54-9A1E7A4F7556}") = "KingNetwork.Client", "src\KingNetwork.Client\KingNetwork.Client.csproj", "{0197BEB5-1ED4-4684-84E2-032833E54B90}"
EndProject
Project("{9A19103F-16F7-4668-BE54-9A1E7A4F7556}") = "KingNetwork.Server", "src\KingNetwork.Server\KingNetwork.Server.csproj", "{433DAEDE-F887-4191-A271-F8E1DAAB506D}"
EndProject
Project("{9A19103F-16F7-4668-BE54-9A1E7A4F7556}") = "KingNetwork.Shared", "src\KingNetwork.Shared\KingNetwork.Shared.csproj", "{C2F9F1E0-92F4-41A8-89A7-E0BEBA15D17A}"
EndProject
Project("{2150E333-8FDC-42A3-9474-1A3956D46DE8}") = "src", "src", "{2588ABB1-17B0-4126-AA66-B6600A87CA04}"
EndProject
Project("{2150E333-8FDC-42A3-9474-1A3956D46DE8}") = "tests", "tests", "{9341EF70-B9BE-42BA-9993-DC589D7FD15C}"
EndProject
Project("{9A19103F-16F7-4668-BE54-9A1E7A4F7556}") = "KingNetwork.Client.Tests", "tests\KingNetwork.Client.Tests\KingNetwork.Client.Tests.csproj", "{BFCDD7E1-9D93-45ED-870E-BE60B382FB8E}"
EndProject
Project("{9A19103F-16F7-4668-BE54-9A1E7A4F7556}") = "KingNetwork.Server.Tests", "tests\KingNetwork.Server.Tests\KingNetwork.Server.Tests.csproj", "{184FF2EA-75B3-4A48-8C42-F05A2AF61F38}"
EndProject
Project("{9A19103F-16F7-4668-BE54-9A1E7A4F7556}") = "KingNetwork.Shared.Tests", "tests\KingNetwork.Shared.Tests\KingNetwork.Shared.Tests.csproj", "{359C9103-0F88-481F-B2EF-0E345729BE5C}"
EndProject
Project("{2150E333-8FDC-42A3-9474-1A3956D46DE8}") = "examples", "examples", "{24804DEB-DD17-4FC8-8D2F-127EE489AF0E}"
EndProject
Project("{2150E333-8FDC-42A3-9474-1A3956D46DE8}") = "simple example", "simple example", "{4D3803DB-26BB-486B-9424-34E6894AE4DC}"
EndProject
Project("{2150E333-8FDC-42A3-9474-1A3956D46DE8}") = "handler example", "handler example", "{B801D85C-DB3E-4E1A-9520-CC5EE98EA11A}"
EndProject
Project("{2150E333-8FDC-42A3-9474-1A3956D46DE8}") = "console", "console", "{264F9A06-F110-4A58-B730-4000CD5A4C8F}"
EndProject
Project("{FAE04EC0-301F-11D3-BF4B-00C04F79EFBC}") = "KingNetwork.HandlerExample.Client", "examples\Console\HandlerExample\KingNetwork.HandlerExample.Client\KingNetwork.HandlerExample.Client.csproj", "{D6A7D736-22BB-40E0-9FE8-6B7E8AAE21A1}"
EndProject
Project("{FAE04EC0-301F-11D3-BF4B-00C04F79EFBC}") = "KingNetwork.HandlerExample.Server", "examples\Console\HandlerExample\KingNetwork.HandlerExample.Server\KingNetwork.HandlerExample.Server.csproj", "{1241FB87-6F32-4F3A-A47C-A45836253431}"
EndProject
Project("{9A19103F-16F7-4668-BE54-9A1E7A4F7556}") = "KingNetwork.HandlerExample.Shared", "examples\Console\HandlerExample\KingNetwork.HandlerExample.Shared\KingNetwork.HandlerExample.Shared.csproj", "{B3A5DAEC-94C7-4E6B-85E8-8E7C8FE1FD6E}"
EndProject
Project("{9A19103F-16F7-4668-BE54-9A1E7A4F7556}") = "KingNetwork.SimpleExample.Shared", "examples\console\SimpleExample\KingNetwork.SimpleExample.Shared\KingNetwork.SimpleExample.Shared.csproj", "{936DCCA3-60CE-4C1A-8434-3DCBEDACFDBD}"
EndProject
Project("{FAE04EC0-301F-11D3-BF4B-00C04F79EFBC}") = "KingNetwork.SimpleExample.Server", "examples\console\SimpleExample\KingNetwork.SimpleExample.Server\KingNetwork.SimpleExample.Server.csproj", "{B1B2950F-551F-4B8C-AF48-1A1CA03482FD}"
EndProject
Project("{FAE04EC0-301F-11D3-BF4B-00C04F79EFBC}") = "KingNetwork.SimpleExample.Client", "examples\console\SimpleExample\KingNetwork.SimpleExample.Client\KingNetwork.SimpleExample.Client.csproj", "{6030734D-CA57-4D81-B080-8E71EBB67BC1}"
EndProject
Project("{2150E333-8FDC-42A3-9474-1A3956D46DE8}") = "benchmarks", "benchmarks", "{567CF810-9ACD-4D5D-99CF-05326F9A996E}"
EndProject
Project("{9A19103F-16F7-4668-BE54-9A1E7A4F7556}") = "KingNetwork.Benchmarks.Load", "examples\Benchmarks\KingNetwork.Benchmarks.Load\KingNetwork.Benchmarks.Load.csproj", "{0FE02E61-8E0A-4948-A680-FA9C6CAF684E}"
EndProject
Project("{2150E333-8FDC-42A3-9474-1A3956D46DE8}") = "unity", "unity", "{C6CD38B5-81D6-4689-934D-FBE15CE09662}"
EndProject
Project("{2150E333-8FDC-42A3-9474-1A3956D46DE8}") = "cubes simple", "cubes simple", "{F512DEC5-A651-4D89-B16A-0E51D6D417E5}"
EndProject
Project("{2150E333-8FDC-42A3-9474-1A3956D46DE8}") = "cubes handler", "cubes handler", "{6BFF9F5C-B01B-4A05-B36C-51B24B4632AA}"
EndProject
Project("{9A19103F-16F7-4668-BE54-9A1E7A4F7556}") = "CubesMultiplayerDemoServer", "examples\Unity\CubesSimple\CubesMultiplayerDemoServer\CubesMultiplayerDemoServer.csproj", "{160291E7-5203-4232-B4F4-4F3E37B37F47}"
EndProject
Project("{9A19103F-16F7-4668-BE54-9A1E7A4F7556}") = "CubesMultiplayerDemoShared", "examples\Unity\CubesSimple\CubesMultiplayerDemoShared\CubesMultiplayerDemoShared.csproj", "{AD4FB810-C6E7-43A5-8AE1-A7D2F13EA718}"
EndProject
Project("{9A19103F-16F7-4668-BE54-9A1E7A4F7556}") = "CubesMultiplayerDemoServer", "examples\Unity\CubesHandler\CubesMultiplayerDemoServer\CubesMultiplayerDemoServer.csproj", "{EC490760-FEDB-4BC4-B326-D5714EDA5976}"
EndProject
Project("{9A19103F-16F7-4668-BE54-9A1E7A4F7556}") = "CubesMultiplayerDemoShared", "examples\Unity\CubesHandler\CubesMultiplayerDemoShared\CubesMultiplayerDemoShared.csproj", "{8437727F-FF3B-4D9C-B79C-2C2C25E01AD6}"
EndProject
Global
	GlobalSection(SolutionConfigurationPlatforms) = preSolution
		Debug|Any CPU = Debug|Any CPU
		Release|Any CPU = Release|Any CPU
	EndGlobalSection
	GlobalSection(ProjectConfigurationPlatforms) = postSolution
		{0197BEB5-1ED4-4684-84E2-032833E54B90}.Debug|Any CPU.ActiveCfg = Debug|Any CPU
		{0197BEB5-1ED4-4684-84E2-032833E54B90}.Debug|Any CPU.Build.0 = Debug|Any CPU
		{0197BEB5-1ED4-4684-84E2-032833E54B90}.Release|Any CPU.ActiveCfg = Release|Any CPU
		{0197BEB5-1ED4-4684-84E2-032833E54B90}.Release|Any CPU.Build.0 = Release|Any CPU
		{433DAEDE-F887-4191-A271-F8E1DAAB506D}.Debug|Any CPU.ActiveCfg = Debug|Any CPU
		{433DAEDE-F887-4191-A271-F8E1DAAB506D}.Debug|Any CPU.Build.0 = Debug|Any CPU
		{433DAEDE-F887-4191-A271-F8E1DAAB506D}.Release|Any CPU.ActiveCfg = Release|Any CPU
		{433DAEDE-F887-4191-A271-F8E1DAAB506D}.Release|Any CPU.Build.0 = Release|Any CPU
		{C2F9F1E0-92F4-41A8-89A7-E0BEBA15D17A}.Debug|Any CPU.ActiveCfg = Debug|Any CPU
		{C2F9F1E0-92F4-41A8-89A7-E0BEBA15D17A}.Debug|Any CPU.Build.0 = Debug|Any CPU
		{C2F9F1E0-92F4-41A8-89A7-E0BEBA15D17A}.Release|Any CPU.ActiveCfg = Release|Any CPU
		{C2F9F1E0-92F4-41A8-89A7-E0BEBA15D17A}.Release|Any CPU.Build.0 = Release|Any CPU
		{BFCDD7E1-9D93-45ED-870E-BE60B382FB8E}.Debug|Any CPU.ActiveCfg = Debug|Any CPU
		{BFCDD7E1-9D93-45ED-870E-BE60B382FB8E}.Debug|Any CPU.Build.0 = Debug|Any CPU
		{BFCDD7E1-9D93-45ED-870E-BE60B382FB8E}.Release|Any CPU.ActiveCfg = Release|Any CPU
		{BFCDD7E1-9D93-45ED-870E-BE60B382FB8E}.Release|Any CPU.Build.0 = Release|Any CPU
		{184FF2EA-75B3-4A48-8C42-F05A2AF61F38}.Debug|Any CPU.ActiveCfg = Debug|Any CPU
		{184FF2EA-75B3-4A48-8C42-F05A2AF61F38}.Debug|Any CPU.Build.0 = Debug|Any CPU
		{184FF2EA-75B3-4A48-8C42-F05A2AF61F38}.Release|Any CPU.ActiveCfg = Release|Any CPU
		{184FF2EA-75B3-4A48-8C42-F05A2AF61F38}.Release|Any CPU.Build.0 = Release|Any CPU
		{359C9103-0F88-481F-B2EF-0E345729BE5C}.Debug|Any CPU.ActiveCfg = Debug|Any CPU
		{359C9103-0F88-481F-B2EF-0E345729BE5C}.Debug|Any CPU.Build.0 = Debug|Any CPU
		{359C9103-0F88-481F-B2EF-0E345729BE5C}.Release|Any CPU.ActiveCfg = Release|Any CPU
		{359C9103-0F88-481F-B2EF-0E345729BE5C}.Release|Any CPU.Build.0 = Release|Any CPU
		{D6A7D736-22BB-40E0-9FE8-6B7E8AAE21A1}.Debug|Any CPU.ActiveCfg = Debug|Any CPU
		{D6A7D736-22BB-40E0-9FE8-6B7E8AAE21A1}.Debug|Any CPU.Build.0 = Debug|Any CPU
		{D6A7D736-22BB-40E0-9FE8-6B7E8AAE21A1}.Release|Any CPU.ActiveCfg = Release|Any CPU
		{D6A7D736-22BB-40E0-9FE8-6B7E8AAE21A1}.Release|Any CPU.Build.0 = Release|Any CPU
		{1241FB87-6F32-4F3A-A47C-A45836253431}.Debug|Any CPU.ActiveCfg = Debug|Any CPU
		{1241FB87-6F32-4F3A-A47C-A45836253431}.Debug|Any CPU.Build.0 = Debug|Any CPU
		{1241FB87-6F32-4F3A-A47C-A45836253431}.Release|Any CPU.ActiveCfg = Release|Any CPU
		{1241FB87-6F32-4F3A-A47C-A45836253431}.Release|Any CPU.Build.0 = Release|Any CPU
		{B3A5DAEC-94C7-4E6B-85E8-8E7C8FE1FD6E}.Debug|Any CPU.ActiveCfg = Debug|Any CPU
		{B3A5DAEC-94C7-4E6B-85E8-8E7C8FE1FD6E}.Debug|Any CPU.Build.0 = Debug|Any CPU
		{B3A5DAEC-94C7-4E6B-85E8-8E7C8FE1FD6E}.Release|Any CPU.ActiveCfg = Release|Any CPU
		{B3A5DAEC-94C7-4E6B-85E8-8E7C8FE1FD6E}.Release|Any CPU.Build.0 = Release|Any CPU
		{936DCCA3-60CE-4C1A-8434-3DCBEDACFDBD}.Debug|Any CPU.ActiveCfg = Debug|Any CPU
		{936DCCA3-60CE-4C1A-8434-3DCBEDACFDBD}.Debug|Any CPU.Build.0 = Debug|Any CPU
		{936DCCA3-60CE-4C1A-8434-3DCBEDACFDBD}.Release|Any CPU.ActiveCfg = Release|Any CPU
		{936DCCA3-60CE-4C1A-8434-3DCBEDACFDBD}.Release|Any CPU.Build.0 = Release|Any CPU
		{B1B2950F-551F-4B8C-AF48-1A1CA03482FD}.Debug|Any CPU.ActiveCfg = Debug|Any CPU
		{B1B2950F-551F-4B8C-AF48-1A1CA03482FD}.Debug|Any CPU.Build.0 = Debug|Any CPU
		{B1B2950F-551F-4B8C-AF48-1A1CA03482FD}.Release|Any CPU.ActiveCfg = Release|Any CPU
		{B1B2950F-551F-4B8C-AF48-1A1CA03482FD}.Release|Any CPU.Build.0 = Release|Any CPU
		{6030734D-CA57-4D81-B080-8E71EBB67BC1}.Debug|Any CPU.ActiveCfg = Debug|Any CPU
		{6030734D-CA57-4D81-B080-8E71EBB67BC1}.Debug|Any CPU.Build.0 = Debug|Any CPU
		{6030734D-CA57-4D81-B080-8E71EBB67BC1}.Release|Any CPU.ActiveCfg = Release|Any CPU
		{6030734D-CA57-4D81-B080-8E71EBB67BC1}.Release|Any CPU.Build.0 = Release|Any CPU
		{0FE02E61-8E0A-4948-A680-FA9C6CAF684E}.Debug|Any CPU.ActiveCfg = Debug|Any CPU
		{0FE02E61-8E0A-4948-A680-FA9C6CAF684E}.Debug|Any CPU.Build.0 = Debug|Any CPU
		{0FE02E61-8E0A-4948-A680-FA9C6CAF684E}.Release|Any CPU.ActiveCfg = Release|Any CPU
		{0FE02E61-8E0A-4948-A680-FA9C6CAF684E}.Release|Any CPU.Build.0 = Release|Any CPU
		{160291E7-5203-4232-B4F4-4F3E37B37F47}.Debug|Any CPU.ActiveCfg = Debug|Any CPU
		{160291E7-5203-4232-B4F4-4F3E37B37F47}.Debug|Any CPU.Build.0 = Debug|Any CPU
		{160291E7-5203-4232-B4F4-4F3E37B37F47}.Release|Any CPU.ActiveCfg = Release|Any CPU
		{160291E7-5203-4232-B4F4-4F3E37B37F47}.Release|Any CPU.Build.0 = Release|Any CPU
		{AD4FB810-C6E7-43A5-8AE1-A7D2F13EA718}.Debug|Any CPU.ActiveCfg = Debug|Any CPU
		{AD4FB810-C6E7-43A5-8AE1-A7D2F13EA718}.Debug|Any CPU.Build.0 = Debug|Any CPU
		{AD4FB810-C6E7-43A5-8AE1-A7D2F13EA718}.Release|Any CPU.ActiveCfg = Release|Any CPU
		{AD4FB810-C6E7-43A5-8AE1-A7D2F13EA718}.Release|Any CPU.Build.0 = Release|Any CPU
		{EC490760-FEDB-4BC4-B326-D5714EDA5976}.Debug|Any CPU.ActiveCfg = Debug|Any CPU
		{EC490760-FEDB-4BC4-B326-D5714EDA5976}.Debug|Any CPU.Build.0 = Debug|Any CPU
		{EC490760-FEDB-4BC4-B326-D5714EDA5976}.Release|Any CPU.ActiveCfg = Release|Any CPU
		{EC490760-FEDB-4BC4-B326-D5714EDA5976}.Release|Any CPU.Build.0 = Release|Any CPU
		{8437727F-FF3B-4D9C-B79C-2C2C25E01AD6}.Debug|Any CPU.ActiveCfg = Debug|Any CPU
		{8437727F-FF3B-4D9C-B79C-2C2C25E01AD6}.Debug|Any CPU.Build.0 = Debug|Any CPU
		{8437727F-FF3B-4D9C-B79C-2C2C25E01AD6}.Release|Any CPU.ActiveCfg = Release|Any CPU
		{8437727F-FF3B-4D9C-B79C-2C2C25E01AD6}.Release|Any CPU.Build.0 = Release|Any CPU
	EndGlobalSection
	GlobalSection(SolutionProperties) = preSolution
		HideSolutionNode = FALSE
	EndGlobalSection
	GlobalSection(NestedProjects) = preSolution
		{0197BEB5-1ED4-4684-84E2-032833E54B90} = {2588ABB1-17B0-4126-AA66-B6600A87CA04}
		{433DAEDE-F887-4191-A271-F8E1DAAB506D} = {2588ABB1-17B0-4126-AA66-B6600A87CA04}
		{C2F9F1E0-92F4-41A8-89A7-E0BEBA15D17A} = {2588ABB1-17B0-4126-AA66-B6600A87CA04}
		{BFCDD7E1-9D93-45ED-870E-BE60B382FB8E} = {9341EF70-B9BE-42BA-9993-DC589D7FD15C}
		{184FF2EA-75B3-4A48-8C42-F05A2AF61F38} = {9341EF70-B9BE-42BA-9993-DC589D7FD15C}
		{359C9103-0F88-481F-B2EF-0E345729BE5C} = {9341EF70-B9BE-42BA-9993-DC589D7FD15C}
		{4D3803DB-26BB-486B-9424-34E6894AE4DC} = {264F9A06-F110-4A58-B730-4000CD5A4C8F}
		{B801D85C-DB3E-4E1A-9520-CC5EE98EA11A} = {264F9A06-F110-4A58-B730-4000CD5A4C8F}
		{264F9A06-F110-4A58-B730-4000CD5A4C8F} = {24804DEB-DD17-4FC8-8D2F-127EE489AF0E}
		{D6A7D736-22BB-40E0-9FE8-6B7E8AAE21A1} = {B801D85C-DB3E-4E1A-9520-CC5EE98EA11A}
		{1241FB87-6F32-4F3A-A47C-A45836253431} = {B801D85C-DB3E-4E1A-9520-CC5EE98EA11A}
		{B3A5DAEC-94C7-4E6B-85E8-8E7C8FE1FD6E} = {B801D85C-DB3E-4E1A-9520-CC5EE98EA11A}
		{936DCCA3-60CE-4C1A-8434-3DCBEDACFDBD} = {4D3803DB-26BB-486B-9424-34E6894AE4DC}
		{B1B2950F-551F-4B8C-AF48-1A1CA03482FD} = {4D3803DB-26BB-486B-9424-34E6894AE4DC}
		{6030734D-CA57-4D81-B080-8E71EBB67BC1} = {4D3803DB-26BB-486B-9424-34E6894AE4DC}
		{567CF810-9ACD-4D5D-99CF-05326F9A996E} = {24804DEB-DD17-4FC8-8D2F-127EE489AF0E}
		{0FE02E61-8E0A-4948-A680-FA9C6CAF684E} = {567CF810-9ACD-4D5D-99CF-05326F9A996E}
		{C6CD38B5-81D6-4689-934D-FBE15CE09662} = {24804DEB-DD17-4FC8-8D2F-127EE489AF0E}
		{F512DEC5-A651-4D89-B16A-0E51D6D417E5} = {C6CD38B5-81D6-4689-934D-FBE15CE09662}
		{6BFF9F5C-B01B-4A05-B36C-51B24B4632AA} = {C6CD38B5-81D6-4689-934D-FBE15CE09662}
		{160291E7-5203-4232-B4F4-4F3E37B37F47} = {F512DEC5-A651-4D89-B16A-0E51D6D417E5}
		{AD4FB810-C6E7-43A5-8AE1-A7D2F13EA718} = {F512DEC5-A651-4D89-B16A-0E51D6D417E5}
		{EC490760-FEDB-4BC4-B326-D5714EDA5976} = {6BFF9F5C-B01B-4A05-B36C-51B24B4632AA}
		{8437727F-FF3B-4D9C-B79C-2C2C25E01AD6} = {6BFF9F5C-B01B-4A05-B36C-51B24B4632AA}
	EndGlobalSection
	GlobalSection(ExtensibilityGlobals) = postSolution
		SolutionGuid = {986F3036-4ACE-45D9-8F51-C560EFCB1F42}
	EndGlobalSection
EndGlobal
